{
  "name": "@useorgx/codex-plugin",
  "version": "0.1.6",
  "lockfileVersion": 3,
  "requires": true,
  "packages": {
    "": {
      "name": "@useorgx/codex-plugin",
      "version": "0.1.6",
      "dependencies": {
        "@useorgx/orgx-gateway-sdk": "github:useorgx/orgx-gateway-sdk#85608e5a311f22a82af78bdb0140bcaa8f5b3248",
        "ws": "^8.18.3"
      },
      "bin": {
        "orgx-codex-diagnose-reporting": "scripts/diagnose-reporting-gates.mjs",
        "orgx-codex-peer": "lib/peer/cli.mjs",
        "orgx-codex-reconcile-hooks": "hooks/scripts/orgx-work-graph-reconcile.mjs"
      },
      "engines": {
        "node": ">=18.0.0"
      }
    },
    "node_modules/@useorgx/orgx-gateway-sdk": {
      "version": "0.1.0-alpha.1",
      "resolved": "git+ssh://git@github.com/useorgx/orgx-gateway-sdk.git#85608e5a311f22a82af78bdb0140bcaa8f5b3248",
      "integrity": "sha512-uSqMhy0cjN3g8QfenB4yNQpHuCx/0fFV3wbR/rJRf8CJFs0OobDECddIR8lqnsExPSIO6x0joWEB+YnSweYnUg==",
      "license": "MIT"
    },
    "node_modules/ws": {
      "version": "8.21.0",
      "resolved": "https://registry.npmjs.org/ws/-/ws-8.21.0.tgz",
      "integrity": "sha512-Vsp28b7DRcimFQvrqu2Wek3z1iYxDCWqHYB8Qsnk/S4RfaCQzPGPyBNuVjJV3cd6UiKtUtp6sNM77gWvzcCH+g==",
      "license": "MIT",
      "engines": {
        "node": ">=10.0.0"
      },
      "peerDependencies": {
        "bufferutil": "^4.0.1",
        "utf-8-validate": ">=5.0.2"
      },
      "peerDependenciesMeta": {
        "bufferutil": {
          "optional": true
        },
        "utf-8-validate": {
          "optional": true
        }
      }
    }
  }
}
